
Microsoft Visual Studio Solution File, Format Version 12.00
# Visual Studio Version 16
VisualStudioVersion = 16.0.31829.152
MinimumVisualStudioVersion = 10.0.40219.1
Project("{9A19103F-16F7-4668-BE54-9A1E7A4F7556}") = "nugex", "src\nugex.csproj", "{6EF5ACA0-34F5-473D-B70E-3F35A7BADB13}"
EndProject
Project("{FAE04EC0-301F-11D3-BF4B-00C04F79EFBC}") = "test", "test\test.csproj", "{1CEB09E6-F96D-4A63-A397-29E091A550CC}"
EndProject
Global
	GlobalSection(SolutionConfigurationPlatforms) = preSolution
		Debug|Any CPU = Debug|Any CPU
		Release|Any CPU = Release|Any CPU
	EndGlobalSection
	GlobalSection(ProjectConfigurationPlatforms) = postSolution
		{6EF5ACA0-34F5-473D-B70E-3F35A7BADB13}.Debug|Any CPU.ActiveCfg = Debug|Any CPU
		{6EF5ACA0-34F5-473D-B70E-3F35A7BADB13}.Debug|Any CPU.Build.0 = Debug|Any CPU
		{6EF5ACA0-34F5-473D-B70E-3F35A7BADB13}.Release|Any CPU.ActiveCfg = Release|Any CPU
		{6EF5ACA0-34F5-473D-B70E-3F35A7BADB13}.Release|Any CPU.Build.0 = Release|Any CPU
		{1CEB09E6-F96D-4A63-A397-29E091A550CC}.Debug|Any CPU.ActiveCfg = Debug|Any CPU
		{1CEB09E6-F96D-4A63-A397-29E091A550CC}.Debug|Any CPU.Build.0 = Debug|Any CPU
		{1CEB09E6-F96D-4A63-A397-29E091A550CC}.Release|Any CPU.ActiveCfg = Release|Any CPU
		{1CEB09E6-F96D-4A63-A397-29E091A550CC}.Release|Any CPU.Build.0 = Release|Any CPU
	EndGlobalSection
	GlobalSection(SolutionProperties) = preSolution
		HideSolutionNode = FALSE
	EndGlobalSection
	GlobalSection(ExtensibilityGlobals) = postSolution
		SolutionGuid = {70948430-6269-4524-8CC0-0819C244BEE0}
	EndGlobalSection
EndGlobal
